
Microsoft Visual Studio Solution File, Format Version 12.00
# Visual Studio 15
VisualStudioVersion = 15.0.27004.2006
MinimumVisualStudioVersion = 10.0.40219.1
Project("{9A19103F-16F7-4668-BE54-9A1E7A4F7556}") = "Erazer.Domain", "Erazer.Domain\Erazer.Domain.csproj", "{4A44F864-E2DA-482C-BCD1-5833D5D903C2}"
EndProject
Project("{9A19103F-16F7-4668-BE54-9A1E7A4F7556}") = "Erazer.Infrastructure", "Erazer.Infrastructure\Erazer.Infrastructure.csproj", "{224BC0F5-BF29-4F1A-88A0-955194F1C560}"
EndProject
Project("{9A19103F-16F7-4668-BE54-9A1E7A4F7556}") = "Erazer.Framework", "Erazer.Framework\Erazer.Framework.csproj", "{48FF42D1-2EED-4334-8030-CC1326FFE65B}"
EndProject
Project("{9A19103F-16F7-4668-BE54-9A1E7A4F7556}") = "Erazer.Web.ReadAPI", "Erazer.Web.ReadAPI\Erazer.Web.ReadAPI.csproj", "{8526C618-B58D-49EA-BBD8-4787E3E09119}"
EndProject
Project("{9A19103F-16F7-4668-BE54-9A1E7A4F7556}") = "Erazer.Web.WriteAPI", "Erazer.Web.WriteAPI\Erazer.Web.WriteAPI.csproj", "{855EAD6C-7CB2-4DE6-9496-F0DBB2C05C82}"
EndProject
Project("{9A19103F-16F7-4668-BE54-9A1E7A4F7556}") = "Erazer.Web.Shared", "Erazer.Web.Shared\Erazer.Web.Shared.csproj", "{F01C26ED-9439-4368-A542-E1E85DF56376}"
EndProject
Project("{9A19103F-16F7-4668-BE54-9A1E7A4F7556}") = "Erazer.Web.DocumentStore", "Erazer.Web.DocumentStore\Erazer.Web.DocumentStore.csproj", "{EFDD2243-C0EE-4B22-906F-092F0348930C}"
EndProject
Project("{9A19103F-16F7-4668-BE54-9A1E7A4F7556}") = "Erazer.Shared", "Erazer.Shared\Erazer.Shared.csproj", "{8C00EC48-336E-4799-88AA-2FE56FA2193E}"
EndProject
Project("{9A19103F-16F7-4668-BE54-9A1E7A4F7556}") = "Erazer.Messages", "Erazer.Messages\Erazer.Messages.csproj", "{92EED0F5-ADB4-4BE6-B9DE-13817BE3D202}"
EndProject
Project("{FAE04EC0-301F-11D3-BF4B-00C04F79EFBC}") = "Erazer.Jobs", "Erazer.Jobs\Erazer.Jobs.csproj", "{E043A67B-5A44-42C7-9981-208C8C4C94DC}"
EndProject
Global
	GlobalSection(SolutionConfigurationPlatforms) = preSolution
		Debug|Any CPU = Debug|Any CPU
		Release|Any CPU = Release|Any CPU
	EndGlobalSection
	GlobalSection(ProjectConfigurationPlatforms) = postSolution
		{4A44F864-E2DA-482C-BCD1-5833D5D903C2}.Debug|Any CPU.ActiveCfg = Debug|Any CPU
		{4A44F864-E2DA-482C-BCD1-5833D5D903C2}.Debug|Any CPU.Build.0 = Debug|Any CPU
		{4A44F864-E2DA-482C-BCD1-5833D5D903C2}.Release|Any CPU.ActiveCfg = Release|Any CPU
		{4A44F864-E2DA-482C-BCD1-5833D5D903C2}.Release|Any CPU.Build.0 = Release|Any CPU
		{224BC0F5-BF29-4F1A-88A0-955194F1C560}.Debug|Any CPU.ActiveCfg = Debug|Any CPU
		{224BC0F5-BF29-4F1A-88A0-955194F1C560}.Debug|Any CPU.Build.0 = Debug|Any CPU
		{224BC0F5-BF29-4F1A-88A0-955194F1C560}.Release|Any CPU.ActiveCfg = Release|Any CPU
		{224BC0F5-BF29-4F1A-88A0-955194F1C560}.Release|Any CPU.Build.0 = Release|Any CPU
		{48FF42D1-2EED-4334-8030-CC1326FFE65B}.Debug|Any CPU.ActiveCfg = Debug|Any CPU
		{48FF42D1-2EED-4334-8030-CC1326FFE65B}.Debug|Any CPU.Build.0 = Debug|Any CPU
		{48FF42D1-2EED-4334-8030-CC1326FFE65B}.Release|Any CPU.ActiveCfg = Release|Any CPU
		{48FF42D1-2EED-4334-8030-CC1326FFE65B}.Release|Any CPU.Build.0 = Release|Any CPU
		{8526C618-B58D-49EA-BBD8-4787E3E09119}.Debug|Any CPU.ActiveCfg = Debug|Any CPU
		{8526C618-B58D-49EA-BBD8-4787E3E09119}.Debug|Any CPU.Build.0 = Debug|Any CPU
		{8526C618-B58D-49EA-BBD8-4787E3E09119}.Release|Any CPU.ActiveCfg = Release|Any CPU
		{8526C618-B58D-49EA-BBD8-4787E3E09119}.Release|Any CPU.Build.0 = Release|Any CPU
		{855EAD6C-7CB2-4DE6-9496-F0DBB2C05C82}.Debug|Any CPU.ActiveCfg = Debug|Any CPU
		{855EAD6C-7CB2-4DE6-9496-F0DBB2C05C82}.Debug|Any CPU.Build.0 = Debug|Any CPU
		{855EAD6C-7CB2-4DE6-9496-F0DBB2C05C82}.Release|Any CPU.ActiveCfg = Release|Any CPU
		{855EAD6C-7CB2-4DE6-9496-F0DBB2C05C82}.Release|Any CPU.Build.0 = Release|Any CPU
		{F01C26ED-9439-4368-A542-E1E85DF56376}.Debug|Any CPU.ActiveCfg = Debug|Any CPU
		{F01C26ED-9439-4368-A542-E1E85DF56376}.Debug|Any CPU.Build.0 = Debug|Any CPU
		{F01C26ED-9439-4368-A542-E1E85DF56376}.Release|Any CPU.ActiveCfg = Release|Any CPU
		{F01C26ED-9439-4368-A542-E1E85DF56376}.Release|Any CPU.Build.0 = Release|Any CPU
		{EFDD2243-C0EE-4B22-906F-092F0348930C}.Debug|Any CPU.ActiveCfg = Debug|Any CPU
		{EFDD2243-C0EE-4B22-906F-092F0348930C}.Debug|Any CPU.Build.0 = Debug|Any CPU
		{EFDD2243-C0EE-4B22-906F-092F0348930C}.Release|Any CPU.ActiveCfg = Release|Any CPU
		{EFDD2243-C0EE-4B22-906F-092F0348930C}.Release|Any CPU.Build.0 = Release|Any CPU
		{8C00EC48-336E-4799-88AA-2FE56FA2193E}.Debug|Any CPU.ActiveCfg = Debug|Any CPU
		{8C00EC48-336E-4799-88AA-2FE56FA2193E}.Debug|Any CPU.Build.0 = Debug|Any CPU
		{8C00EC48-336E-4799-88AA-2FE56FA2193E}.Release|Any CPU.ActiveCfg = Release|Any CPU
		{8C00EC48-336E-4799-88AA-2FE56FA2193E}.Release|Any CPU.Build.0 = Release|Any CPU
		{92EED0F5-ADB4-4BE6-B9DE-13817BE3D202}.Debug|Any CPU.ActiveCfg = Debug|Any CPU
		{92EED0F5-ADB4-4BE6-B9DE-13817BE3D202}.Debug|Any CPU.Build.0 = Debug|Any CPU
		{92EED0F5-ADB4-4BE6-B9DE-13817BE3D202}.Release|Any CPU.ActiveCfg = Release|Any CPU
		{92EED0F5-ADB4-4BE6-B9DE-13817BE3D202}.Release|Any CPU.Build.0 = Release|Any CPU
		{E043A67B-5A44-42C7-9981-208C8C4C94DC}.Debug|Any CPU.ActiveCfg = Debug|Any CPU
		{E043A67B-5A44-42C7-9981-208C8C4C94DC}.Debug|Any CPU.Build.0 = Debug|Any CPU
		{E043A67B-5A44-42C7-9981-208C8C4C94DC}.Release|Any CPU.ActiveCfg = Release|Any CPU
		{E043A67B-5A44-42C7-9981-208C8C4C94DC}.Release|Any CPU.Build.0 = Release|Any CPU
	EndGlobalSection
	GlobalSection(SolutionProperties) = preSolution
		HideSolutionNode = FALSE
	EndGlobalSection
	GlobalSection(ExtensibilityGlobals) = postSolution
		SolutionGuid = {71BBA406-7736-4F57-A9EA-725C558D428D}
	EndGlobalSection
EndGlobal
