
Microsoft Visual Studio Solution File, Format Version 12.00
# Visual Studio 15
VisualStudioVersion = 15.0.26228.4
MinimumVisualStudioVersion = 10.0.40219.1
Project("{FAE04EC0-301F-11D3-BF4B-00C04F79EFBC}") = "Erazer.Web", "CQRS\Erazer.Web.csproj", "{3A54CA69-42F4-46FF-B1F6-7CD9B6EAC449}"
EndProject
Project("{FAE04EC0-301F-11D3-BF4B-00C04F79EFBC}") = "Erazer.Services", "Erazer.Services\Erazer.Services.csproj", "{CB038200-F5DB-4E05-9E34-D39A26924585}"
EndProject
Project("{FAE04EC0-301F-11D3-BF4B-00C04F79EFBC}") = "Erazer.Domain", "Erazer.Domain\Erazer.Domain.csproj", "{4A44F864-E2DA-482C-BCD1-5833D5D903C2}"
EndProject
Project("{FAE04EC0-301F-11D3-BF4B-00C04F79EFBC}") = "Erazer.DAL", "Erazer.DAL\Erazer.DAL.csproj", "{224BC0F5-BF29-4F1A-88A0-955194F1C560}"
EndProject
Project("{FAE04EC0-301F-11D3-BF4B-00C04F79EFBC}") = "Erazer.Framework", "Erazer.Framework\Erazer.Framework.csproj", "{48FF42D1-2EED-4334-8030-CC1326FFE65B}"
EndProject
Global
	GlobalSection(SolutionConfigurationPlatforms) = preSolution
		Debug|Any CPU = Debug|Any CPU
		Release|Any CPU = Release|Any CPU
	EndGlobalSection
	GlobalSection(ProjectConfigurationPlatforms) = postSolution
		{3A54CA69-42F4-46FF-B1F6-7CD9B6EAC449}.Debug|Any CPU.ActiveCfg = Debug|Any CPU
		{3A54CA69-42F4-46FF-B1F6-7CD9B6EAC449}.Debug|Any CPU.Build.0 = Debug|Any CPU
		{3A54CA69-42F4-46FF-B1F6-7CD9B6EAC449}.Release|Any CPU.ActiveCfg = Release|Any CPU
		{3A54CA69-42F4-46FF-B1F6-7CD9B6EAC449}.Release|Any CPU.Build.0 = Release|Any CPU
		{CB038200-F5DB-4E05-9E34-D39A26924585}.Debug|Any CPU.ActiveCfg = Debug|Any CPU
		{CB038200-F5DB-4E05-9E34-D39A26924585}.Debug|Any CPU.Build.0 = Debug|Any CPU
		{CB038200-F5DB-4E05-9E34-D39A26924585}.Release|Any CPU.ActiveCfg = Release|Any CPU
		{CB038200-F5DB-4E05-9E34-D39A26924585}.Release|Any CPU.Build.0 = Release|Any CPU
		{4A44F864-E2DA-482C-BCD1-5833D5D903C2}.Debug|Any CPU.ActiveCfg = Debug|Any CPU
		{4A44F864-E2DA-482C-BCD1-5833D5D903C2}.Debug|Any CPU.Build.0 = Debug|Any CPU
		{4A44F864-E2DA-482C-BCD1-5833D5D903C2}.Release|Any CPU.ActiveCfg = Release|Any CPU
		{4A44F864-E2DA-482C-BCD1-5833D5D903C2}.Release|Any CPU.Build.0 = Release|Any CPU
		{224BC0F5-BF29-4F1A-88A0-955194F1C560}.Debug|Any CPU.ActiveCfg = Debug|Any CPU
		{224BC0F5-BF29-4F1A-88A0-955194F1C560}.Debug|Any CPU.Build.0 = Debug|Any CPU
		{224BC0F5-BF29-4F1A-88A0-955194F1C560}.Release|Any CPU.ActiveCfg = Release|Any CPU
		{224BC0F5-BF29-4F1A-88A0-955194F1C560}.Release|Any CPU.Build.0 = Release|Any CPU
		{48FF42D1-2EED-4334-8030-CC1326FFE65B}.Debug|Any CPU.ActiveCfg = Debug|Any CPU
		{48FF42D1-2EED-4334-8030-CC1326FFE65B}.Debug|Any CPU.Build.0 = Debug|Any CPU
		{48FF42D1-2EED-4334-8030-CC1326FFE65B}.Release|Any CPU.ActiveCfg = Release|Any CPU
		{48FF42D1-2EED-4334-8030-CC1326FFE65B}.Release|Any CPU.Build.0 = Release|Any CPU
	EndGlobalSection
	GlobalSection(SolutionProperties) = preSolution
		HideSolutionNode = FALSE
	EndGlobalSection
EndGlobal
